
Microsoft Visual Studio Solution File, Format Version 12.00
Project("{FAE04EC0-301F-11D3-BF4B-00C04F79EFBC}") = "DriverTeacher", "DriverTeacher\DriverTeacher.csproj", "{9CCC5BC1-3DA5-49D0-BFF9-705D13097674}"
EndProject
Global
	GlobalSection(SolutionConfigurationPlatforms) = preSolution
		Debug|Any CPU = Debug|Any CPU
		Release|Any CPU = Release|Any CPU
	EndGlobalSection
	GlobalSection(ProjectConfigurationPlatforms) = postSolution
		{9CCC5BC1-3DA5-49D0-BFF9-705D13097674}.Debug|Any CPU.ActiveCfg = Debug|Any CPU
		{9CCC5BC1-3DA5-49D0-BFF9-705D13097674}.Debug|Any CPU.Build.0 = Debug|Any CPU
		{9CCC5BC1-3DA5-49D0-BFF9-705D13097674}.Release|Any CPU.ActiveCfg = Release|Any CPU
		{9CCC5BC1-3DA5-49D0-BFF9-705D13097674}.Release|Any CPU.Build.0 = Release|Any CPU
	EndGlobalSection
EndGlobal
